
Microsoft Visual Studio Solution File, Format Version 12.00
Project("{FAE04EC0-301F-11D3-BF4B-00C04F79EFBC}") = "OrderManagementAPI", "OrderManagementAPI\OrderManagementAPI.csproj", "{F43574C6-5A5D-4EC8-A1FB-5D56E899819A}"
EndProject
Project("{FAE04EC0-301F-11D3-BF4B-00C04F79EFBC}") = "OrderManagementDAL", "OrderManagementDAL\OrderManagementDAL.csproj", "{0A722F7E-4275-4089-BDE1-1BDC691CB16C}"
EndProject
Project("{FAE04EC0-301F-11D3-BF4B-00C04F79EFBC}") = "OrderManagementBLL", "OrderManagementBLL\OrderManagementBLL.csproj", "{31594EBD-9ADB-41C8-A54D-8F037853BBF6}"
EndProject
Project("{FAE04EC0-301F-11D3-BF4B-00C04F79EFBC}") = "OrderManagementTests", "OrderManagementTests\OrderManagementTests.csproj", "{BE64C7A2-8541-4008-BC80-B538EC2852EF}"
EndProject
Project("{2150E333-8FDC-42A3-9474-1A3956D46DE8}") = "OrderManagement", "OrderManagement", "{70AE382F-FC6A-48E7-86B6-6D03FE6800E2}"
EndProject
Project("{FAE04EC0-301F-11D3-BF4B-00C04F79EFBC}") = "OrderManagementDomain", "OrderManagementDomain\OrderManagementDomain.csproj", "{3A5381A7-9671-42F9-91F6-AAAC22234B1E}"
EndProject
Global
	GlobalSection(SolutionConfigurationPlatforms) = preSolution
		Debug|Any CPU = Debug|Any CPU
		Release|Any CPU = Release|Any CPU
	EndGlobalSection
	GlobalSection(ProjectConfigurationPlatforms) = postSolution
		{F43574C6-5A5D-4EC8-A1FB-5D56E899819A}.Debug|Any CPU.ActiveCfg = Debug|Any CPU
		{F43574C6-5A5D-4EC8-A1FB-5D56E899819A}.Debug|Any CPU.Build.0 = Debug|Any CPU
		{F43574C6-5A5D-4EC8-A1FB-5D56E899819A}.Release|Any CPU.ActiveCfg = Release|Any CPU
		{F43574C6-5A5D-4EC8-A1FB-5D56E899819A}.Release|Any CPU.Build.0 = Release|Any CPU
		{0A722F7E-4275-4089-BDE1-1BDC691CB16C}.Debug|Any CPU.ActiveCfg = Debug|Any CPU
		{0A722F7E-4275-4089-BDE1-1BDC691CB16C}.Debug|Any CPU.Build.0 = Debug|Any CPU
		{0A722F7E-4275-4089-BDE1-1BDC691CB16C}.Release|Any CPU.ActiveCfg = Release|Any CPU
		{0A722F7E-4275-4089-BDE1-1BDC691CB16C}.Release|Any CPU.Build.0 = Release|Any CPU
		{31594EBD-9ADB-41C8-A54D-8F037853BBF6}.Debug|Any CPU.ActiveCfg = Debug|Any CPU
		{31594EBD-9ADB-41C8-A54D-8F037853BBF6}.Debug|Any CPU.Build.0 = Debug|Any CPU
		{31594EBD-9ADB-41C8-A54D-8F037853BBF6}.Release|Any CPU.ActiveCfg = Release|Any CPU
		{31594EBD-9ADB-41C8-A54D-8F037853BBF6}.Release|Any CPU.Build.0 = Release|Any CPU
		{BE64C7A2-8541-4008-BC80-B538EC2852EF}.Debug|Any CPU.ActiveCfg = Debug|Any CPU
		{BE64C7A2-8541-4008-BC80-B538EC2852EF}.Debug|Any CPU.Build.0 = Debug|Any CPU
		{BE64C7A2-8541-4008-BC80-B538EC2852EF}.Release|Any CPU.ActiveCfg = Release|Any CPU
		{BE64C7A2-8541-4008-BC80-B538EC2852EF}.Release|Any CPU.Build.0 = Release|Any CPU
		{3A5381A7-9671-42F9-91F6-AAAC22234B1E}.Debug|Any CPU.ActiveCfg = Debug|Any CPU
		{3A5381A7-9671-42F9-91F6-AAAC22234B1E}.Debug|Any CPU.Build.0 = Debug|Any CPU
		{3A5381A7-9671-42F9-91F6-AAAC22234B1E}.Release|Any CPU.ActiveCfg = Release|Any CPU
		{3A5381A7-9671-42F9-91F6-AAAC22234B1E}.Release|Any CPU.Build.0 = Release|Any CPU
	EndGlobalSection
	GlobalSection(NestedProjects) = preSolution
		{F43574C6-5A5D-4EC8-A1FB-5D56E899819A} = {70AE382F-FC6A-48E7-86B6-6D03FE6800E2}
		{31594EBD-9ADB-41C8-A54D-8F037853BBF6} = {70AE382F-FC6A-48E7-86B6-6D03FE6800E2}
		{0A722F7E-4275-4089-BDE1-1BDC691CB16C} = {70AE382F-FC6A-48E7-86B6-6D03FE6800E2}
		{BE64C7A2-8541-4008-BC80-B538EC2852EF} = {70AE382F-FC6A-48E7-86B6-6D03FE6800E2}
		{3A5381A7-9671-42F9-91F6-AAAC22234B1E} = {70AE382F-FC6A-48E7-86B6-6D03FE6800E2}
	EndGlobalSection
EndGlobal
