
Microsoft Visual Studio Solution File, Format Version 12.00
Project("{FAE04EC0-301F-11D3-BF4B-00C04F79EFBC}") = "OrderManagementAPI", "OrderManagementAPI\OrderManagementAPI.csproj", "{F43574C6-5A5D-4EC8-A1FB-5D56E899819A}"
EndProject
Project("{FAE04EC0-301F-11D3-BF4B-00C04F79EFBC}") = "OrderManagementDAL", "OrderManagementDAL\OrderManagementDAL.csproj", "{0A722F7E-4275-4089-BDE1-1BDC691CB16C}"
EndProject
Project("{FAE04EC0-301F-11D3-BF4B-00C04F79EFBC}") = "OrderManagementBLL", "OrderManagementBLL\OrderManagementBLL.csproj", "{31594EBD-9ADB-41C8-A54D-8F037853BBF6}"
EndProject
Project("{FAE04EC0-301F-11D3-BF4B-00C04F79EFBC}") = "OrderManagementTests", "OrderManagementTests\OrderManagementTests.csproj", "{BE64C7A2-8541-4008-BC80-B538EC2852EF}"
EndProject
Project("{2150E333-8FDC-42A3-9474-1A3956D46DE8}") = "OrderManagement", "OrderManagement", "{70AE382F-FC6A-48E7-86B6-6D03FE6800E2}"
EndProject
Project("{FAE04EC0-301F-11D3-BF4B-00C04F79EFBC}") = "OrderManagementDomain", "OrderManagementDomain\OrderManagementDomain.csproj", "{3A5381A7-9671-42F9-91F6-AAAC22234B1E}"
EndProject
Project("{2150E333-8FDC-42A3-9474-1A3956D46DE8}") = "WareHouses", "WareHouses", "{C4859625-DC56-431F-8492-F4F3916A2744}"
EndProject
Project("{FAE04EC0-301F-11D3-BF4B-00C04F79EFBC}") = "WarehouseAPI", "WarehouseAPI\WarehouseAPI.csproj", "{4CB85F8F-FA1D-4132-A83A-284EEBEE206A}"
EndProject
Project("{FAE04EC0-301F-11D3-BF4B-00C04F79EFBC}") = "WarehouseBLL", "WarehouseBLL\WarehouseBLL.csproj", "{411E559C-0E2D-4831-8F31-3F171E187F89}"
EndProject
Project("{FAE04EC0-301F-11D3-BF4B-00C04F79EFBC}") = "WarehouseDAL", "WarehouseDAL\WarehouseDAL.csproj", "{1D6A07D8-7306-4F44-A411-4425AEE185B1}"
EndProject
Project("{FAE04EC0-301F-11D3-BF4B-00C04F79EFBC}") = "WarehouseDomain", "WarehouseDomain\WarehouseDomain.csproj", "{19F263C4-AA56-43B1-A130-A4E3053E8BEE}"
EndProject
Project("{2150E333-8FDC-42A3-9474-1A3956D46DE8}") = "Catalog", "Catalog", "{5A0AC48D-D36F-450E-9BE4-0323D587023E}"
EndProject
Project("{FAE04EC0-301F-11D3-BF4B-00C04F79EFBC}") = "Catalog.API", "Catalog.API\Catalog.API.csproj", "{E1438F4E-7BF0-48D8-8CEA-377F676A1161}"
EndProject
Project("{FAE04EC0-301F-11D3-BF4B-00C04F79EFBC}") = "Catalog.Application", "Catalog.Application\Catalog.Application.csproj", "{0B1EFDB9-25FB-42D8-8C03-100215530B9B}"
EndProject
Project("{FAE04EC0-301F-11D3-BF4B-00C04F79EFBC}") = "Catalog.Domain", "Catalog.Domain\Catalog.Domain.csproj", "{E484542B-A761-4A68-BE6B-A85ABA316A81}"
EndProject
Project("{FAE04EC0-301F-11D3-BF4B-00C04F79EFBC}") = "Catalog.Infrastructure", "Catalog.Infrastructure\Catalog.Infrastructure.csproj", "{4C77604E-29BC-469F-932C-D51AC59BC410}"
EndProject
Project("{FAE04EC0-301F-11D3-BF4B-00C04F79EFBC}") = "AppHost", "AppHost\AppHost.csproj", "{C4057EBE-B5E3-4DF4-B447-BAA4C5E46B50}"
EndProject
Project("{FAE04EC0-301F-11D3-BF4B-00C04F79EFBC}") = "ServiceDefaults", "ServiceDefaults\ServiceDefaults.csproj", "{C62B8126-1AE7-4A02-A226-087201248132}"
EndProject
Project("{FAE04EC0-301F-11D3-BF4B-00C04F79EFBC}") = "ApiGateway", "ApiGateway\ApiGateway.csproj", "{81F7866E-9477-4475-9B44-A2F161C27BF2}"
EndProject
Project("{FAE04EC0-301F-11D3-BF4B-00C04F79EFBC}") = "AggregatorService", "AggregatorService\AggregatorService.csproj", "{31AD6A10-3C67-45C6-95E1-9E8E6A047CCD}"
EndProject
Global
	GlobalSection(SolutionConfigurationPlatforms) = preSolution
		Debug|Any CPU = Debug|Any CPU
		Release|Any CPU = Release|Any CPU
	EndGlobalSection
	GlobalSection(ProjectConfigurationPlatforms) = postSolution
		{F43574C6-5A5D-4EC8-A1FB-5D56E899819A}.Debug|Any CPU.ActiveCfg = Debug|Any CPU
		{F43574C6-5A5D-4EC8-A1FB-5D56E899819A}.Debug|Any CPU.Build.0 = Debug|Any CPU
		{F43574C6-5A5D-4EC8-A1FB-5D56E899819A}.Release|Any CPU.ActiveCfg = Release|Any CPU
		{F43574C6-5A5D-4EC8-A1FB-5D56E899819A}.Release|Any CPU.Build.0 = Release|Any CPU
		{0A722F7E-4275-4089-BDE1-1BDC691CB16C}.Debug|Any CPU.ActiveCfg = Debug|Any CPU
		{0A722F7E-4275-4089-BDE1-1BDC691CB16C}.Debug|Any CPU.Build.0 = Debug|Any CPU
		{0A722F7E-4275-4089-BDE1-1BDC691CB16C}.Release|Any CPU.ActiveCfg = Release|Any CPU
		{0A722F7E-4275-4089-BDE1-1BDC691CB16C}.Release|Any CPU.Build.0 = Release|Any CPU
		{31594EBD-9ADB-41C8-A54D-8F037853BBF6}.Debug|Any CPU.ActiveCfg = Debug|Any CPU
		{31594EBD-9ADB-41C8-A54D-8F037853BBF6}.Debug|Any CPU.Build.0 = Debug|Any CPU
		{31594EBD-9ADB-41C8-A54D-8F037853BBF6}.Release|Any CPU.ActiveCfg = Release|Any CPU
		{31594EBD-9ADB-41C8-A54D-8F037853BBF6}.Release|Any CPU.Build.0 = Release|Any CPU
		{BE64C7A2-8541-4008-BC80-B538EC2852EF}.Debug|Any CPU.ActiveCfg = Debug|Any CPU
		{BE64C7A2-8541-4008-BC80-B538EC2852EF}.Debug|Any CPU.Build.0 = Debug|Any CPU
		{BE64C7A2-8541-4008-BC80-B538EC2852EF}.Release|Any CPU.ActiveCfg = Release|Any CPU
		{BE64C7A2-8541-4008-BC80-B538EC2852EF}.Release|Any CPU.Build.0 = Release|Any CPU
		{3A5381A7-9671-42F9-91F6-AAAC22234B1E}.Debug|Any CPU.ActiveCfg = Debug|Any CPU
		{3A5381A7-9671-42F9-91F6-AAAC22234B1E}.Debug|Any CPU.Build.0 = Debug|Any CPU
		{3A5381A7-9671-42F9-91F6-AAAC22234B1E}.Release|Any CPU.ActiveCfg = Release|Any CPU
		{3A5381A7-9671-42F9-91F6-AAAC22234B1E}.Release|Any CPU.Build.0 = Release|Any CPU
		{4CB85F8F-FA1D-4132-A83A-284EEBEE206A}.Debug|Any CPU.ActiveCfg = Debug|Any CPU
		{4CB85F8F-FA1D-4132-A83A-284EEBEE206A}.Debug|Any CPU.Build.0 = Debug|Any CPU
		{4CB85F8F-FA1D-4132-A83A-284EEBEE206A}.Release|Any CPU.ActiveCfg = Release|Any CPU
		{4CB85F8F-FA1D-4132-A83A-284EEBEE206A}.Release|Any CPU.Build.0 = Release|Any CPU
		{411E559C-0E2D-4831-8F31-3F171E187F89}.Debug|Any CPU.ActiveCfg = Debug|Any CPU
		{411E559C-0E2D-4831-8F31-3F171E187F89}.Debug|Any CPU.Build.0 = Debug|Any CPU
		{411E559C-0E2D-4831-8F31-3F171E187F89}.Release|Any CPU.ActiveCfg = Release|Any CPU
		{411E559C-0E2D-4831-8F31-3F171E187F89}.Release|Any CPU.Build.0 = Release|Any CPU
		{1D6A07D8-7306-4F44-A411-4425AEE185B1}.Debug|Any CPU.ActiveCfg = Debug|Any CPU
		{1D6A07D8-7306-4F44-A411-4425AEE185B1}.Debug|Any CPU.Build.0 = Debug|Any CPU
		{1D6A07D8-7306-4F44-A411-4425AEE185B1}.Release|Any CPU.ActiveCfg = Release|Any CPU
		{1D6A07D8-7306-4F44-A411-4425AEE185B1}.Release|Any CPU.Build.0 = Release|Any CPU
		{19F263C4-AA56-43B1-A130-A4E3053E8BEE}.Debug|Any CPU.ActiveCfg = Debug|Any CPU
		{19F263C4-AA56-43B1-A130-A4E3053E8BEE}.Debug|Any CPU.Build.0 = Debug|Any CPU
		{19F263C4-AA56-43B1-A130-A4E3053E8BEE}.Release|Any CPU.ActiveCfg = Release|Any CPU
		{19F263C4-AA56-43B1-A130-A4E3053E8BEE}.Release|Any CPU.Build.0 = Release|Any CPU
		{E1438F4E-7BF0-48D8-8CEA-377F676A1161}.Debug|Any CPU.ActiveCfg = Debug|Any CPU
		{E1438F4E-7BF0-48D8-8CEA-377F676A1161}.Debug|Any CPU.Build.0 = Debug|Any CPU
		{E1438F4E-7BF0-48D8-8CEA-377F676A1161}.Release|Any CPU.ActiveCfg = Release|Any CPU
		{E1438F4E-7BF0-48D8-8CEA-377F676A1161}.Release|Any CPU.Build.0 = Release|Any CPU
		{0B1EFDB9-25FB-42D8-8C03-100215530B9B}.Debug|Any CPU.ActiveCfg = Debug|Any CPU
		{0B1EFDB9-25FB-42D8-8C03-100215530B9B}.Debug|Any CPU.Build.0 = Debug|Any CPU
		{0B1EFDB9-25FB-42D8-8C03-100215530B9B}.Release|Any CPU.ActiveCfg = Release|Any CPU
		{0B1EFDB9-25FB-42D8-8C03-100215530B9B}.Release|Any CPU.Build.0 = Release|Any CPU
		{E484542B-A761-4A68-BE6B-A85ABA316A81}.Debug|Any CPU.ActiveCfg = Debug|Any CPU
		{E484542B-A761-4A68-BE6B-A85ABA316A81}.Debug|Any CPU.Build.0 = Debug|Any CPU
		{E484542B-A761-4A68-BE6B-A85ABA316A81}.Release|Any CPU.ActiveCfg = Release|Any CPU
		{E484542B-A761-4A68-BE6B-A85ABA316A81}.Release|Any CPU.Build.0 = Release|Any CPU
		{4C77604E-29BC-469F-932C-D51AC59BC410}.Debug|Any CPU.ActiveCfg = Debug|Any CPU
		{4C77604E-29BC-469F-932C-D51AC59BC410}.Debug|Any CPU.Build.0 = Debug|Any CPU
		{4C77604E-29BC-469F-932C-D51AC59BC410}.Release|Any CPU.ActiveCfg = Release|Any CPU
		{4C77604E-29BC-469F-932C-D51AC59BC410}.Release|Any CPU.Build.0 = Release|Any CPU
		{C4057EBE-B5E3-4DF4-B447-BAA4C5E46B50}.Debug|Any CPU.ActiveCfg = Debug|Any CPU
		{C4057EBE-B5E3-4DF4-B447-BAA4C5E46B50}.Debug|Any CPU.Build.0 = Debug|Any CPU
		{C4057EBE-B5E3-4DF4-B447-BAA4C5E46B50}.Release|Any CPU.ActiveCfg = Release|Any CPU
		{C4057EBE-B5E3-4DF4-B447-BAA4C5E46B50}.Release|Any CPU.Build.0 = Release|Any CPU
		{C62B8126-1AE7-4A02-A226-087201248132}.Debug|Any CPU.ActiveCfg = Debug|Any CPU
		{C62B8126-1AE7-4A02-A226-087201248132}.Debug|Any CPU.Build.0 = Debug|Any CPU
		{C62B8126-1AE7-4A02-A226-087201248132}.Release|Any CPU.ActiveCfg = Release|Any CPU
		{C62B8126-1AE7-4A02-A226-087201248132}.Release|Any CPU.Build.0 = Release|Any CPU
		{81F7866E-9477-4475-9B44-A2F161C27BF2}.Debug|Any CPU.ActiveCfg = Debug|Any CPU
		{81F7866E-9477-4475-9B44-A2F161C27BF2}.Debug|Any CPU.Build.0 = Debug|Any CPU
		{81F7866E-9477-4475-9B44-A2F161C27BF2}.Release|Any CPU.ActiveCfg = Release|Any CPU
		{81F7866E-9477-4475-9B44-A2F161C27BF2}.Release|Any CPU.Build.0 = Release|Any CPU
		{31AD6A10-3C67-45C6-95E1-9E8E6A047CCD}.Debug|Any CPU.ActiveCfg = Debug|Any CPU
		{31AD6A10-3C67-45C6-95E1-9E8E6A047CCD}.Debug|Any CPU.Build.0 = Debug|Any CPU
		{31AD6A10-3C67-45C6-95E1-9E8E6A047CCD}.Release|Any CPU.ActiveCfg = Release|Any CPU
		{31AD6A10-3C67-45C6-95E1-9E8E6A047CCD}.Release|Any CPU.Build.0 = Release|Any CPU
	EndGlobalSection
	GlobalSection(NestedProjects) = preSolution
		{F43574C6-5A5D-4EC8-A1FB-5D56E899819A} = {70AE382F-FC6A-48E7-86B6-6D03FE6800E2}
		{31594EBD-9ADB-41C8-A54D-8F037853BBF6} = {70AE382F-FC6A-48E7-86B6-6D03FE6800E2}
		{0A722F7E-4275-4089-BDE1-1BDC691CB16C} = {70AE382F-FC6A-48E7-86B6-6D03FE6800E2}
		{BE64C7A2-8541-4008-BC80-B538EC2852EF} = {70AE382F-FC6A-48E7-86B6-6D03FE6800E2}
		{3A5381A7-9671-42F9-91F6-AAAC22234B1E} = {70AE382F-FC6A-48E7-86B6-6D03FE6800E2}
		{4CB85F8F-FA1D-4132-A83A-284EEBEE206A} = {C4859625-DC56-431F-8492-F4F3916A2744}
		{411E559C-0E2D-4831-8F31-3F171E187F89} = {C4859625-DC56-431F-8492-F4F3916A2744}
		{1D6A07D8-7306-4F44-A411-4425AEE185B1} = {C4859625-DC56-431F-8492-F4F3916A2744}
		{19F263C4-AA56-43B1-A130-A4E3053E8BEE} = {C4859625-DC56-431F-8492-F4F3916A2744}
		{E1438F4E-7BF0-48D8-8CEA-377F676A1161} = {5A0AC48D-D36F-450E-9BE4-0323D587023E}
		{0B1EFDB9-25FB-42D8-8C03-100215530B9B} = {5A0AC48D-D36F-450E-9BE4-0323D587023E}
		{E484542B-A761-4A68-BE6B-A85ABA316A81} = {5A0AC48D-D36F-450E-9BE4-0323D587023E}
		{4C77604E-29BC-469F-932C-D51AC59BC410} = {5A0AC48D-D36F-450E-9BE4-0323D587023E}
	EndGlobalSection
EndGlobal
